
Microsoft Visual Studio Solution File, Format Version 12.00
# Visual Studio Version 17
VisualStudioVersion = 17.8.34511.84
MinimumVisualStudioVersion = 10.0.40219.1
Project("{FAE04EC0-301F-11D3-BF4B-00C04F79EFBC}") = "LearnLINQ", "LearnLINQ\LearnLINQ.csproj", "{CA720FB9-AAE3-4431-868A-0359F892D267}"
EndProject
Global
	GlobalSection(SolutionConfigurationPlatforms) = preSolution
		Debug|Any CPU = Debug|Any CPU
		Release|Any CPU = Release|Any CPU
	EndGlobalSection
	GlobalSection(ProjectConfigurationPlatforms) = postSolution
		{CA720FB9-AAE3-4431-868A-0359F892D267}.Debug|Any CPU.ActiveCfg = Debug|Any CPU
		{CA720FB9-AAE3-4431-868A-0359F892D267}.Debug|Any CPU.Build.0 = Debug|Any CPU
		{CA720FB9-AAE3-4431-868A-0359F892D267}.Release|Any CPU.ActiveCfg = Release|Any CPU
		{CA720FB9-AAE3-4431-868A-0359F892D267}.Release|Any CPU.Build.0 = Release|Any CPU
	EndGlobalSection
	GlobalSection(SolutionProperties) = preSolution
		HideSolutionNode = FALSE
	EndGlobalSection
	GlobalSection(ExtensibilityGlobals) = postSolution
		SolutionGuid = {898BBAE8-A449-417A-9FC6-BB7A1B08C3C2}
	EndGlobalSection
EndGlobal
